
Microsoft Visual Studio Solution File, Format Version 12.00
# Visual Studio Version 17
VisualStudioVersion = 17.1.32421.90
MinimumVisualStudioVersion = 10.0.40219.1
Project("{2150E333-8FDC-42A3-9474-1A3956D46DE8}") = "2주차", "2주차", "{6954DC72-90BD-4845-94A2-26A09EC65A09}"
EndProject
Project("{8BC9CEB8-8B4A-11D0-8D11-00A0C91BC942}") = "assignment_1", "2주차\assignment1\assignment1.vcxproj", "{1D5E05C9-8A0D-4DCF-BB15-3A7F0F29CAC5}"
EndProject
Project("{8BC9CEB8-8B4A-11D0-8D11-00A0C91BC942}") = "실습1", "2주차\실습1\실습1.vcxproj", "{CC1CF12A-AEEE-4396-8E16-E637864C6FB0}"
EndProject
Project("{8BC9CEB8-8B4A-11D0-8D11-00A0C91BC942}") = "실습2", "2주차\실습2\실습2.vcxproj", "{51374D81-8F31-45D9-A54C-6FEC42BFFFCD}"
EndProject
Project("{8BC9CEB8-8B4A-11D0-8D11-00A0C91BC942}") = "실습3", "2주차\실습3\실습3.vcxproj", "{17A64EB9-EC68-4AE2-9FCF-B70FCC7AB377}"
EndProject
Project("{8BC9CEB8-8B4A-11D0-8D11-00A0C91BC942}") = "실습4", "2주차\실습4\실습4.vcxproj", "{7345E9DF-CBE0-4375-9801-D78E4D392145}"
EndProject
Project("{8BC9CEB8-8B4A-11D0-8D11-00A0C91BC942}") = "실습5", "2주차\실습5\실습5.vcxproj", "{B41B101F-95CA-4994-94BC-A5C2FA359DCF}"
EndProject
Project("{2150E333-8FDC-42A3-9474-1A3956D46DE8}") = "3주차", "3주차", "{4AE35624-3879-4070-8862-09249046999E}"
EndProject
Project("{8BC9CEB8-8B4A-11D0-8D11-00A0C91BC942}") = "실습1", "3주차\실습1\실습1.vcxproj", "{96B9FD21-7867-40D5-BE7F-5543D7208A75}"
EndProject
Project("{8BC9CEB8-8B4A-11D0-8D11-00A0C91BC942}") = "실습6", "2주차\실습6\실습6.vcxproj", "{CEB5708B-F1C3-4E06-8678-09749F77AA2B}"
EndProject
Project("{8BC9CEB8-8B4A-11D0-8D11-00A0C91BC942}") = "assignment_2", "2주차\assignment_2\assignment_2.vcxproj", "{3A22D10A-C0E8-4C8E-9DA7-E80536C4CF31}"
EndProject
Project("{8BC9CEB8-8B4A-11D0-8D11-00A0C91BC942}") = "assignment_2_3dArray", "2주차\assignment_2_3dArray\assignment_2_3dArray.vcxproj", "{C51BDAF8-8778-41D0-A0C0-04A07FD1CDF2}"
EndProject
Project("{8BC9CEB8-8B4A-11D0-8D11-00A0C91BC942}") = "assignment_3", "2주차\assignment_3\assignment_3.vcxproj", "{A6AE96EB-BD96-4C90-9AEB-227FC943626F}"
EndProject
Project("{8BC9CEB8-8B4A-11D0-8D11-00A0C91BC942}") = "assignment_4", "2주차\assignment_4\assignment_4.vcxproj", "{04E534D4-0F5A-426E-BCAC-D2259F6AC6AA}"
EndProject
Project("{8BC9CEB8-8B4A-11D0-8D11-00A0C91BC942}") = "assignment_5_hanoi", "2주차\assignment_5_hanoi\assignment_5_hanoi.vcxproj", "{FDF51AE6-80C5-4B8F-8134-1E750353F032}"
EndProject
Project("{8BC9CEB8-8B4A-11D0-8D11-00A0C91BC942}") = "assignment_1", "3주차\assignment_1\assignment_1.vcxproj", "{3D8E2F80-BEA5-4368-A383-FB8878D2CA6E}"
EndProject
Project("{8BC9CEB8-8B4A-11D0-8D11-00A0C91BC942}") = "실습2fibo", "3주차\실습2fibo\실습2fibo.vcxproj", "{3AD60F36-CD58-4803-8DDD-2800F0216657}"
EndProject
Project("{8BC9CEB8-8B4A-11D0-8D11-00A0C91BC942}") = "실습3", "3주차\실습3\실습3.vcxproj", "{DC05D6EC-FB72-497B-8DE7-3124F578B6D2}"
EndProject
Project("{8BC9CEB8-8B4A-11D0-8D11-00A0C91BC942}") = "실습4", "3주차\실습4\실습4.vcxproj", "{5414F15E-BF07-4600-A185-87AF4F81B684}"
EndProject
Project("{8BC9CEB8-8B4A-11D0-8D11-00A0C91BC942}") = "실습6", "3주차\실습6\실습6.vcxproj", "{D9C52D86-BAA2-4B5E-9576-DB4FF8E5399B}"
EndProject
Project("{8BC9CEB8-8B4A-11D0-8D11-00A0C91BC942}") = "실습5", "3주차\실습5\실습5.vcxproj", "{0CEA76CE-1673-413C-B1A9-A31568ED9591}"
EndProject
Project("{2150E333-8FDC-42A3-9474-1A3956D46DE8}") = "4주차", "4주차", "{BBBE19FF-338B-4FDD-AD6D-94D471A0EC5B}"
EndProject
Project("{8BC9CEB8-8B4A-11D0-8D11-00A0C91BC942}") = "실습1", "4주차\실습1\실습1.vcxproj", "{750FA538-6BC6-45FA-AFE4-1FEEEF84ACCF}"
EndProject
Project("{8BC9CEB8-8B4A-11D0-8D11-00A0C91BC942}") = "실습2", "4주차\실습1\실습2\실습2.vcxproj", "{56F45079-AEC5-43D8-8F47-D4889EEA7784}"
EndProject
Project("{8BC9CEB8-8B4A-11D0-8D11-00A0C91BC942}") = "실습3", "4주차\실습1\실습3\실습3.vcxproj", "{75A97349-A98C-41F3-AA49-A123BBEA7FFF}"
EndProject
Project("{8BC9CEB8-8B4A-11D0-8D11-00A0C91BC942}") = "실습4", "4주차\실습1\실습4\실습4.vcxproj", "{D901D167-B4F8-4AEF-8248-C43E0AAB8C26}"
EndProject
Project("{2150E333-8FDC-42A3-9474-1A3956D46DE8}") = "중간대비", "중간대비", "{550264C2-A782-4E4E-B030-F17B1B3AD2CC}"
EndProject
Project("{8BC9CEB8-8B4A-11D0-8D11-00A0C91BC942}") = "중간대비", "중간대비\중간대비\중간대비.vcxproj", "{C7934E4E-3C78-4F3F-A479-003CC7D05526}"
EndProject
Project("{2150E333-8FDC-42A3-9474-1A3956D46DE8}") = "5주차 stack", "5주차 stack", "{B79B6351-0A47-4A78-8BE3-4E7649E08574}"
EndProject
Project("{8BC9CEB8-8B4A-11D0-8D11-00A0C91BC942}") = "예제실습5-1", "5주차\예제실습5-1\예제실습5-1.vcxproj", "{B7C4B090-2FCB-4FC9-BF36-934D1623925A}"
EndProject
Project("{8BC9CEB8-8B4A-11D0-8D11-00A0C91BC942}") = "Fibo", "중간대비\Fibo\Fibo.vcxproj", "{C010D610-8E93-4798-A47D-F31168A85506}"
EndProject
Project("{2150E333-8FDC-42A3-9474-1A3956D46DE8}") = "6주차 Queue", "6주차 Queue", "{37A2CA58-0C81-40B9-A726-736FD90E8A0B}"
EndProject
Project("{8BC9CEB8-8B4A-11D0-8D11-00A0C91BC942}") = "예제6-1", "6주차\예제6-1\예제6-1.vcxproj", "{DE52AA0C-D67D-4C99-9F19-2DE87B7A0942}"
EndProject
Project("{8BC9CEB8-8B4A-11D0-8D11-00A0C91BC942}") = "예제6-2", "6주차\예제6-2\예제6-2.vcxproj", "{653C34B1-A1CD-4F8E-891C-50EA692616AC}"
EndProject
Project("{8BC9CEB8-8B4A-11D0-8D11-00A0C91BC942}") = "예제6-3", "6주차\예제6-3\예제6-3.vcxproj", "{CAB69AC8-B5B4-408C-8C35-21E5CA9CBDC2}"
EndProject
Project("{8BC9CEB8-8B4A-11D0-8D11-00A0C91BC942}") = "예제6-4", "6주차\예제6-4\예제6-4.vcxproj", "{31AB653F-BA3B-4A9D-ACE7-5B06114D121F}"
EndProject
Project("{2150E333-8FDC-42A3-9474-1A3956D46DE8}") = "7주차 Tree", "7주차 Tree", "{1EE1AF93-78B2-4394-92A4-21D8E79817C7}"
EndProject
Project("{8BC9CEB8-8B4A-11D0-8D11-00A0C91BC942}") = "예제7-1", "7주차\예제7-1\예제7-1.vcxproj", "{A3458900-6625-4272-B1B8-78C02D498C52}"
EndProject
Project("{8BC9CEB8-8B4A-11D0-8D11-00A0C91BC942}") = "예제7-2", "7주차\예제7-2\예제7-2.vcxproj", "{7D5B506D-FA53-4EC8-B725-6551653D0977}"
EndProject
Global
	GlobalSection(SolutionConfigurationPlatforms) = preSolution
		Debug|x64 = Debug|x64
		Debug|x86 = Debug|x86
		Release|x64 = Release|x64
		Release|x86 = Release|x86
	EndGlobalSection
	GlobalSection(ProjectConfigurationPlatforms) = postSolution
		{1D5E05C9-8A0D-4DCF-BB15-3A7F0F29CAC5}.Debug|x64.ActiveCfg = Debug|x64
		{1D5E05C9-8A0D-4DCF-BB15-3A7F0F29CAC5}.Debug|x64.Build.0 = Debug|x64
		{1D5E05C9-8A0D-4DCF-BB15-3A7F0F29CAC5}.Debug|x86.ActiveCfg = Debug|Win32
		{1D5E05C9-8A0D-4DCF-BB15-3A7F0F29CAC5}.Debug|x86.Build.0 = Debug|Win32
		{1D5E05C9-8A0D-4DCF-BB15-3A7F0F29CAC5}.Release|x64.ActiveCfg = Release|x64
		{1D5E05C9-8A0D-4DCF-BB15-3A7F0F29CAC5}.Release|x64.Build.0 = Release|x64
		{1D5E05C9-8A0D-4DCF-BB15-3A7F0F29CAC5}.Release|x86.ActiveCfg = Release|Win32
		{1D5E05C9-8A0D-4DCF-BB15-3A7F0F29CAC5}.Release|x86.Build.0 = Release|Win32
		{CC1CF12A-AEEE-4396-8E16-E637864C6FB0}.Debug|x64.ActiveCfg = Debug|x64
		{CC1CF12A-AEEE-4396-8E16-E637864C6FB0}.Debug|x64.Build.0 = Debug|x64
		{CC1CF12A-AEEE-4396-8E16-E637864C6FB0}.Debug|x86.ActiveCfg = Debug|Win32
		{CC1CF12A-AEEE-4396-8E16-E637864C6FB0}.Debug|x86.Build.0 = Debug|Win32
		{CC1CF12A-AEEE-4396-8E16-E637864C6FB0}.Release|x64.ActiveCfg = Release|x64
		{CC1CF12A-AEEE-4396-8E16-E637864C6FB0}.Release|x64.Build.0 = Release|x64
		{CC1CF12A-AEEE-4396-8E16-E637864C6FB0}.Release|x86.ActiveCfg = Release|Win32
		{CC1CF12A-AEEE-4396-8E16-E637864C6FB0}.Release|x86.Build.0 = Release|Win32
		{51374D81-8F31-45D9-A54C-6FEC42BFFFCD}.Debug|x64.ActiveCfg = Debug|x64
		{51374D81-8F31-45D9-A54C-6FEC42BFFFCD}.Debug|x64.Build.0 = Debug|x64
		{51374D81-8F31-45D9-A54C-6FEC42BFFFCD}.Debug|x86.ActiveCfg = Debug|Win32
		{51374D81-8F31-45D9-A54C-6FEC42BFFFCD}.Debug|x86.Build.0 = Debug|Win32
		{51374D81-8F31-45D9-A54C-6FEC42BFFFCD}.Release|x64.ActiveCfg = Release|x64
		{51374D81-8F31-45D9-A54C-6FEC42BFFFCD}.Release|x64.Build.0 = Release|x64
		{51374D81-8F31-45D9-A54C-6FEC42BFFFCD}.Release|x86.ActiveCfg = Release|Win32
		{51374D81-8F31-45D9-A54C-6FEC42BFFFCD}.Release|x86.Build.0 = Release|Win32
		{17A64EB9-EC68-4AE2-9FCF-B70FCC7AB377}.Debug|x64.ActiveCfg = Debug|x64
		{17A64EB9-EC68-4AE2-9FCF-B70FCC7AB377}.Debug|x64.Build.0 = Debug|x64
		{17A64EB9-EC68-4AE2-9FCF-B70FCC7AB377}.Debug|x86.ActiveCfg = Debug|Win32
		{17A64EB9-EC68-4AE2-9FCF-B70FCC7AB377}.Debug|x86.Build.0 = Debug|Win32
		{17A64EB9-EC68-4AE2-9FCF-B70FCC7AB377}.Release|x64.ActiveCfg = Release|x64
		{17A64EB9-EC68-4AE2-9FCF-B70FCC7AB377}.Release|x64.Build.0 = Release|x64
		{17A64EB9-EC68-4AE2-9FCF-B70FCC7AB377}.Release|x86.ActiveCfg = Release|Win32
		{17A64EB9-EC68-4AE2-9FCF-B70FCC7AB377}.Release|x86.Build.0 = Release|Win32
		{7345E9DF-CBE0-4375-9801-D78E4D392145}.Debug|x64.ActiveCfg = Debug|x64
		{7345E9DF-CBE0-4375-9801-D78E4D392145}.Debug|x64.Build.0 = Debug|x64
		{7345E9DF-CBE0-4375-9801-D78E4D392145}.Debug|x86.ActiveCfg = Debug|Win32
		{7345E9DF-CBE0-4375-9801-D78E4D392145}.Debug|x86.Build.0 = Debug|Win32
		{7345E9DF-CBE0-4375-9801-D78E4D392145}.Release|x64.ActiveCfg = Release|x64
		{7345E9DF-CBE0-4375-9801-D78E4D392145}.Release|x64.Build.0 = Release|x64
		{7345E9DF-CBE0-4375-9801-D78E4D392145}.Release|x86.ActiveCfg = Release|Win32
		{7345E9DF-CBE0-4375-9801-D78E4D392145}.Release|x86.Build.0 = Release|Win32
		{B41B101F-95CA-4994-94BC-A5C2FA359DCF}.Debug|x64.ActiveCfg = Debug|x64
		{B41B101F-95CA-4994-94BC-A5C2FA359DCF}.Debug|x64.Build.0 = Debug|x64
		{B41B101F-95CA-4994-94BC-A5C2FA359DCF}.Debug|x86.ActiveCfg = Debug|Win32
		{B41B101F-95CA-4994-94BC-A5C2FA359DCF}.Debug|x86.Build.0 = Debug|Win32
		{B41B101F-95CA-4994-94BC-A5C2FA359DCF}.Release|x64.ActiveCfg = Release|x64
		{B41B101F-95CA-4994-94BC-A5C2FA359DCF}.Release|x64.Build.0 = Release|x64
		{B41B101F-95CA-4994-94BC-A5C2FA359DCF}.Release|x86.ActiveCfg = Release|Win32
		{B41B101F-95CA-4994-94BC-A5C2FA359DCF}.Release|x86.Build.0 = Release|Win32
		{96B9FD21-7867-40D5-BE7F-5543D7208A75}.Debug|x64.ActiveCfg = Debug|x64
		{96B9FD21-7867-40D5-BE7F-5543D7208A75}.Debug|x64.Build.0 = Debug|x64
		{96B9FD21-7867-40D5-BE7F-5543D7208A75}.Debug|x86.ActiveCfg = Debug|Win32
		{96B9FD21-7867-40D5-BE7F-5543D7208A75}.Debug|x86.Build.0 = Debug|Win32
		{96B9FD21-7867-40D5-BE7F-5543D7208A75}.Release|x64.ActiveCfg = Release|x64
		{96B9FD21-7867-40D5-BE7F-5543D7208A75}.Release|x64.Build.0 = Release|x64
		{96B9FD21-7867-40D5-BE7F-5543D7208A75}.Release|x86.ActiveCfg = Release|Win32
		{96B9FD21-7867-40D5-BE7F-5543D7208A75}.Release|x86.Build.0 = Release|Win32
		{CEB5708B-F1C3-4E06-8678-09749F77AA2B}.Debug|x64.ActiveCfg = Debug|x64
		{CEB5708B-F1C3-4E06-8678-09749F77AA2B}.Debug|x64.Build.0 = Debug|x64
		{CEB5708B-F1C3-4E06-8678-09749F77AA2B}.Debug|x86.ActiveCfg = Debug|Win32
		{CEB5708B-F1C3-4E06-8678-09749F77AA2B}.Debug|x86.Build.0 = Debug|Win32
		{CEB5708B-F1C3-4E06-8678-09749F77AA2B}.Release|x64.ActiveCfg = Release|x64
		{CEB5708B-F1C3-4E06-8678-09749F77AA2B}.Release|x64.Build.0 = Release|x64
		{CEB5708B-F1C3-4E06-8678-09749F77AA2B}.Release|x86.ActiveCfg = Release|Win32
		{CEB5708B-F1C3-4E06-8678-09749F77AA2B}.Release|x86.Build.0 = Release|Win32
		{3A22D10A-C0E8-4C8E-9DA7-E80536C4CF31}.Debug|x64.ActiveCfg = Debug|x64
		{3A22D10A-C0E8-4C8E-9DA7-E80536C4CF31}.Debug|x64.Build.0 = Debug|x64
		{3A22D10A-C0E8-4C8E-9DA7-E80536C4CF31}.Debug|x86.ActiveCfg = Debug|Win32
		{3A22D10A-C0E8-4C8E-9DA7-E80536C4CF31}.Debug|x86.Build.0 = Debug|Win32
		{3A22D10A-C0E8-4C8E-9DA7-E80536C4CF31}.Release|x64.ActiveCfg = Release|x64
		{3A22D10A-C0E8-4C8E-9DA7-E80536C4CF31}.Release|x64.Build.0 = Release|x64
		{3A22D10A-C0E8-4C8E-9DA7-E80536C4CF31}.Release|x86.ActiveCfg = Release|Win32
		{3A22D10A-C0E8-4C8E-9DA7-E80536C4CF31}.Release|x86.Build.0 = Release|Win32
		{C51BDAF8-8778-41D0-A0C0-04A07FD1CDF2}.Debug|x64.ActiveCfg = Debug|x64
		{C51BDAF8-8778-41D0-A0C0-04A07FD1CDF2}.Debug|x64.Build.0 = Debug|x64
		{C51BDAF8-8778-41D0-A0C0-04A07FD1CDF2}.Debug|x86.ActiveCfg = Debug|Win32
		{C51BDAF8-8778-41D0-A0C0-04A07FD1CDF2}.Debug|x86.Build.0 = Debug|Win32
		{C51BDAF8-8778-41D0-A0C0-04A07FD1CDF2}.Release|x64.ActiveCfg = Release|x64
		{C51BDAF8-8778-41D0-A0C0-04A07FD1CDF2}.Release|x64.Build.0 = Release|x64
		{C51BDAF8-8778-41D0-A0C0-04A07FD1CDF2}.Release|x86.ActiveCfg = Release|Win32
		{C51BDAF8-8778-41D0-A0C0-04A07FD1CDF2}.Release|x86.Build.0 = Release|Win32
		{A6AE96EB-BD96-4C90-9AEB-227FC943626F}.Debug|x64.ActiveCfg = Debug|x64
		{A6AE96EB-BD96-4C90-9AEB-227FC943626F}.Debug|x64.Build.0 = Debug|x64
		{A6AE96EB-BD96-4C90-9AEB-227FC943626F}.Debug|x86.ActiveCfg = Debug|Win32
		{A6AE96EB-BD96-4C90-9AEB-227FC943626F}.Debug|x86.Build.0 = Debug|Win32
		{A6AE96EB-BD96-4C90-9AEB-227FC943626F}.Release|x64.ActiveCfg = Release|x64
		{A6AE96EB-BD96-4C90-9AEB-227FC943626F}.Release|x64.Build.0 = Release|x64
		{A6AE96EB-BD96-4C90-9AEB-227FC943626F}.Release|x86.ActiveCfg = Release|Win32
		{A6AE96EB-BD96-4C90-9AEB-227FC943626F}.Release|x86.Build.0 = Release|Win32
		{04E534D4-0F5A-426E-BCAC-D2259F6AC6AA}.Debug|x64.ActiveCfg = Debug|x64
		{04E534D4-0F5A-426E-BCAC-D2259F6AC6AA}.Debug|x64.Build.0 = Debug|x64
		{04E534D4-0F5A-426E-BCAC-D2259F6AC6AA}.Debug|x86.ActiveCfg = Debug|Win32
		{04E534D4-0F5A-426E-BCAC-D2259F6AC6AA}.Debug|x86.Build.0 = Debug|Win32
		{04E534D4-0F5A-426E-BCAC-D2259F6AC6AA}.Release|x64.ActiveCfg = Release|x64
		{04E534D4-0F5A-426E-BCAC-D2259F6AC6AA}.Release|x64.Build.0 = Release|x64
		{04E534D4-0F5A-426E-BCAC-D2259F6AC6AA}.Release|x86.ActiveCfg = Release|Win32
		{04E534D4-0F5A-426E-BCAC-D2259F6AC6AA}.Release|x86.Build.0 = Release|Win32
		{FDF51AE6-80C5-4B8F-8134-1E750353F032}.Debug|x64.ActiveCfg = Debug|x64
		{FDF51AE6-80C5-4B8F-8134-1E750353F032}.Debug|x64.Build.0 = Debug|x64
		{FDF51AE6-80C5-4B8F-8134-1E750353F032}.Debug|x86.ActiveCfg = Debug|Win32
		{FDF51AE6-80C5-4B8F-8134-1E750353F032}.Debug|x86.Build.0 = Debug|Win32
		{FDF51AE6-80C5-4B8F-8134-1E750353F032}.Release|x64.ActiveCfg = Release|x64
		{FDF51AE6-80C5-4B8F-8134-1E750353F032}.Release|x64.Build.0 = Release|x64
		{FDF51AE6-80C5-4B8F-8134-1E750353F032}.Release|x86.ActiveCfg = Release|Win32
		{FDF51AE6-80C5-4B8F-8134-1E750353F032}.Release|x86.Build.0 = Release|Win32
		{3D8E2F80-BEA5-4368-A383-FB8878D2CA6E}.Debug|x64.ActiveCfg = Debug|x64
		{3D8E2F80-BEA5-4368-A383-FB8878D2CA6E}.Debug|x64.Build.0 = Debug|x64
		{3D8E2F80-BEA5-4368-A383-FB8878D2CA6E}.Debug|x86.ActiveCfg = Debug|Win32
		{3D8E2F80-BEA5-4368-A383-FB8878D2CA6E}.Debug|x86.Build.0 = Debug|Win32
		{3D8E2F80-BEA5-4368-A383-FB8878D2CA6E}.Release|x64.ActiveCfg = Release|x64
		{3D8E2F80-BEA5-4368-A383-FB8878D2CA6E}.Release|x64.Build.0 = Release|x64
		{3D8E2F80-BEA5-4368-A383-FB8878D2CA6E}.Release|x86.ActiveCfg = Release|Win32
		{3D8E2F80-BEA5-4368-A383-FB8878D2CA6E}.Release|x86.Build.0 = Release|Win32
		{3AD60F36-CD58-4803-8DDD-2800F0216657}.Debug|x64.ActiveCfg = Debug|x64
		{3AD60F36-CD58-4803-8DDD-2800F0216657}.Debug|x64.Build.0 = Debug|x64
		{3AD60F36-CD58-4803-8DDD-2800F0216657}.Debug|x86.ActiveCfg = Debug|Win32
		{3AD60F36-CD58-4803-8DDD-2800F0216657}.Debug|x86.Build.0 = Debug|Win32
		{3AD60F36-CD58-4803-8DDD-2800F0216657}.Release|x64.ActiveCfg = Release|x64
		{3AD60F36-CD58-4803-8DDD-2800F0216657}.Release|x64.Build.0 = Release|x64
		{3AD60F36-CD58-4803-8DDD-2800F0216657}.Release|x86.ActiveCfg = Release|Win32
		{3AD60F36-CD58-4803-8DDD-2800F0216657}.Release|x86.Build.0 = Release|Win32
		{DC05D6EC-FB72-497B-8DE7-3124F578B6D2}.Debug|x64.ActiveCfg = Debug|x64
		{DC05D6EC-FB72-497B-8DE7-3124F578B6D2}.Debug|x64.Build.0 = Debug|x64
		{DC05D6EC-FB72-497B-8DE7-3124F578B6D2}.Debug|x86.ActiveCfg = Debug|Win32
		{DC05D6EC-FB72-497B-8DE7-3124F578B6D2}.Debug|x86.Build.0 = Debug|Win32
		{DC05D6EC-FB72-497B-8DE7-3124F578B6D2}.Release|x64.ActiveCfg = Release|x64
		{DC05D6EC-FB72-497B-8DE7-3124F578B6D2}.Release|x64.Build.0 = Release|x64
		{DC05D6EC-FB72-497B-8DE7-3124F578B6D2}.Release|x86.ActiveCfg = Release|Win32
		{DC05D6EC-FB72-497B-8DE7-3124F578B6D2}.Release|x86.Build.0 = Release|Win32
		{5414F15E-BF07-4600-A185-87AF4F81B684}.Debug|x64.ActiveCfg = Debug|x64
		{5414F15E-BF07-4600-A185-87AF4F81B684}.Debug|x64.Build.0 = Debug|x64
		{5414F15E-BF07-4600-A185-87AF4F81B684}.Debug|x86.ActiveCfg = Debug|Win32
		{5414F15E-BF07-4600-A185-87AF4F81B684}.Debug|x86.Build.0 = Debug|Win32
		{5414F15E-BF07-4600-A185-87AF4F81B684}.Release|x64.ActiveCfg = Release|x64
		{5414F15E-BF07-4600-A185-87AF4F81B684}.Release|x64.Build.0 = Release|x64
		{5414F15E-BF07-4600-A185-87AF4F81B684}.Release|x86.ActiveCfg = Release|Win32
		{5414F15E-BF07-4600-A185-87AF4F81B684}.Release|x86.Build.0 = Release|Win32
		{D9C52D86-BAA2-4B5E-9576-DB4FF8E5399B}.Debug|x64.ActiveCfg = Debug|x64
		{D9C52D86-BAA2-4B5E-9576-DB4FF8E5399B}.Debug|x64.Build.0 = Debug|x64
		{D9C52D86-BAA2-4B5E-9576-DB4FF8E5399B}.Debug|x86.ActiveCfg = Debug|Win32
		{D9C52D86-BAA2-4B5E-9576-DB4FF8E5399B}.Debug|x86.Build.0 = Debug|Win32
		{D9C52D86-BAA2-4B5E-9576-DB4FF8E5399B}.Release|x64.ActiveCfg = Release|x64
		{D9C52D86-BAA2-4B5E-9576-DB4FF8E5399B}.Release|x64.Build.0 = Release|x64
		{D9C52D86-BAA2-4B5E-9576-DB4FF8E5399B}.Release|x86.ActiveCfg = Release|Win32
		{D9C52D86-BAA2-4B5E-9576-DB4FF8E5399B}.Release|x86.Build.0 = Release|Win32
		{0CEA76CE-1673-413C-B1A9-A31568ED9591}.Debug|x64.ActiveCfg = Debug|x64
		{0CEA76CE-1673-413C-B1A9-A31568ED9591}.Debug|x64.Build.0 = Debug|x64
		{0CEA76CE-1673-413C-B1A9-A31568ED9591}.Debug|x86.ActiveCfg = Debug|Win32
		{0CEA76CE-1673-413C-B1A9-A31568ED9591}.Debug|x86.Build.0 = Debug|Win32
		{0CEA76CE-1673-413C-B1A9-A31568ED9591}.Release|x64.ActiveCfg = Release|x64
		{0CEA76CE-1673-413C-B1A9-A31568ED9591}.Release|x64.Build.0 = Release|x64
		{0CEA76CE-1673-413C-B1A9-A31568ED9591}.Release|x86.ActiveCfg = Release|Win32
		{0CEA76CE-1673-413C-B1A9-A31568ED9591}.Release|x86.Build.0 = Release|Win32
		{750FA538-6BC6-45FA-AFE4-1FEEEF84ACCF}.Debug|x64.ActiveCfg = Debug|x64
		{750FA538-6BC6-45FA-AFE4-1FEEEF84ACCF}.Debug|x64.Build.0 = Debug|x64
		{750FA538-6BC6-45FA-AFE4-1FEEEF84ACCF}.Debug|x86.ActiveCfg = Debug|Win32
		{750FA538-6BC6-45FA-AFE4-1FEEEF84ACCF}.Debug|x86.Build.0 = Debug|Win32
		{750FA538-6BC6-45FA-AFE4-1FEEEF84ACCF}.Release|x64.ActiveCfg = Release|x64
		{750FA538-6BC6-45FA-AFE4-1FEEEF84ACCF}.Release|x64.Build.0 = Release|x64
		{750FA538-6BC6-45FA-AFE4-1FEEEF84ACCF}.Release|x86.ActiveCfg = Release|Win32
		{750FA538-6BC6-45FA-AFE4-1FEEEF84ACCF}.Release|x86.Build.0 = Release|Win32
		{56F45079-AEC5-43D8-8F47-D4889EEA7784}.Debug|x64.ActiveCfg = Debug|x64
		{56F45079-AEC5-43D8-8F47-D4889EEA7784}.Debug|x64.Build.0 = Debug|x64
		{56F45079-AEC5-43D8-8F47-D4889EEA7784}.Debug|x86.ActiveCfg = Debug|Win32
		{56F45079-AEC5-43D8-8F47-D4889EEA7784}.Debug|x86.Build.0 = Debug|Win32
		{56F45079-AEC5-43D8-8F47-D4889EEA7784}.Release|x64.ActiveCfg = Release|x64
		{56F45079-AEC5-43D8-8F47-D4889EEA7784}.Release|x64.Build.0 = Release|x64
		{56F45079-AEC5-43D8-8F47-D4889EEA7784}.Release|x86.ActiveCfg = Release|Win32
		{56F45079-AEC5-43D8-8F47-D4889EEA7784}.Release|x86.Build.0 = Release|Win32
		{75A97349-A98C-41F3-AA49-A123BBEA7FFF}.Debug|x64.ActiveCfg = Debug|x64
		{75A97349-A98C-41F3-AA49-A123BBEA7FFF}.Debug|x64.Build.0 = Debug|x64
		{75A97349-A98C-41F3-AA49-A123BBEA7FFF}.Debug|x86.ActiveCfg = Debug|Win32
		{75A97349-A98C-41F3-AA49-A123BBEA7FFF}.Debug|x86.Build.0 = Debug|Win32
		{75A97349-A98C-41F3-AA49-A123BBEA7FFF}.Release|x64.ActiveCfg = Release|x64
		{75A97349-A98C-41F3-AA49-A123BBEA7FFF}.Release|x64.Build.0 = Release|x64
		{75A97349-A98C-41F3-AA49-A123BBEA7FFF}.Release|x86.ActiveCfg = Release|Win32
		{75A97349-A98C-41F3-AA49-A123BBEA7FFF}.Release|x86.Build.0 = Release|Win32
		{D901D167-B4F8-4AEF-8248-C43E0AAB8C26}.Debug|x64.ActiveCfg = Debug|x64
		{D901D167-B4F8-4AEF-8248-C43E0AAB8C26}.Debug|x64.Build.0 = Debug|x64
		{D901D167-B4F8-4AEF-8248-C43E0AAB8C26}.Debug|x86.ActiveCfg = Debug|Win32
		{D901D167-B4F8-4AEF-8248-C43E0AAB8C26}.Debug|x86.Build.0 = Debug|Win32
		{D901D167-B4F8-4AEF-8248-C43E0AAB8C26}.Release|x64.ActiveCfg = Release|x64
		{D901D167-B4F8-4AEF-8248-C43E0AAB8C26}.Release|x64.Build.0 = Release|x64
		{D901D167-B4F8-4AEF-8248-C43E0AAB8C26}.Release|x86.ActiveCfg = Release|Win32
		{D901D167-B4F8-4AEF-8248-C43E0AAB8C26}.Release|x86.Build.0 = Release|Win32
		{C7934E4E-3C78-4F3F-A479-003CC7D05526}.Debug|x64.ActiveCfg = Debug|x64
		{C7934E4E-3C78-4F3F-A479-003CC7D05526}.Debug|x64.Build.0 = Debug|x64
		{C7934E4E-3C78-4F3F-A479-003CC7D05526}.Debug|x86.ActiveCfg = Debug|Win32
		{C7934E4E-3C78-4F3F-A479-003CC7D05526}.Debug|x86.Build.0 = Debug|Win32
		{C7934E4E-3C78-4F3F-A479-003CC7D05526}.Release|x64.ActiveCfg = Release|x64
		{C7934E4E-3C78-4F3F-A479-003CC7D05526}.Release|x64.Build.0 = Release|x64
		{C7934E4E-3C78-4F3F-A479-003CC7D05526}.Release|x86.ActiveCfg = Release|Win32
		{C7934E4E-3C78-4F3F-A479-003CC7D05526}.Release|x86.Build.0 = Release|Win32
		{B7C4B090-2FCB-4FC9-BF36-934D1623925A}.Debug|x64.ActiveCfg = Debug|x64
		{B7C4B090-2FCB-4FC9-BF36-934D1623925A}.Debug|x64.Build.0 = Debug|x64
		{B7C4B090-2FCB-4FC9-BF36-934D1623925A}.Debug|x86.ActiveCfg = Debug|Win32
		{B7C4B090-2FCB-4FC9-BF36-934D1623925A}.Debug|x86.Build.0 = Debug|Win32
		{B7C4B090-2FCB-4FC9-BF36-934D1623925A}.Release|x64.ActiveCfg = Release|x64
		{B7C4B090-2FCB-4FC9-BF36-934D1623925A}.Release|x64.Build.0 = Release|x64
		{B7C4B090-2FCB-4FC9-BF36-934D1623925A}.Release|x86.ActiveCfg = Release|Win32
		{B7C4B090-2FCB-4FC9-BF36-934D1623925A}.Release|x86.Build.0 = Release|Win32
		{C010D610-8E93-4798-A47D-F31168A85506}.Debug|x64.ActiveCfg = Debug|x64
		{C010D610-8E93-4798-A47D-F31168A85506}.Debug|x64.Build.0 = Debug|x64
		{C010D610-8E93-4798-A47D-F31168A85506}.Debug|x86.ActiveCfg = Debug|Win32
		{C010D610-8E93-4798-A47D-F31168A85506}.Debug|x86.Build.0 = Debug|Win32
		{C010D610-8E93-4798-A47D-F31168A85506}.Release|x64.ActiveCfg = Release|x64
		{C010D610-8E93-4798-A47D-F31168A85506}.Release|x64.Build.0 = Release|x64
		{C010D610-8E93-4798-A47D-F31168A85506}.Release|x86.ActiveCfg = Release|Win32
		{C010D610-8E93-4798-A47D-F31168A85506}.Release|x86.Build.0 = Release|Win32
		{DE52AA0C-D67D-4C99-9F19-2DE87B7A0942}.Debug|x64.ActiveCfg = Debug|x64
		{DE52AA0C-D67D-4C99-9F19-2DE87B7A0942}.Debug|x64.Build.0 = Debug|x64
		{DE52AA0C-D67D-4C99-9F19-2DE87B7A0942}.Debug|x86.ActiveCfg = Debug|Win32
		{DE52AA0C-D67D-4C99-9F19-2DE87B7A0942}.Debug|x86.Build.0 = Debug|Win32
		{DE52AA0C-D67D-4C99-9F19-2DE87B7A0942}.Release|x64.ActiveCfg = Release|x64
		{DE52AA0C-D67D-4C99-9F19-2DE87B7A0942}.Release|x64.Build.0 = Release|x64
		{DE52AA0C-D67D-4C99-9F19-2DE87B7A0942}.Release|x86.ActiveCfg = Release|Win32
		{DE52AA0C-D67D-4C99-9F19-2DE87B7A0942}.Release|x86.Build.0 = Release|Win32
		{653C34B1-A1CD-4F8E-891C-50EA692616AC}.Debug|x64.ActiveCfg = Debug|x64
		{653C34B1-A1CD-4F8E-891C-50EA692616AC}.Debug|x64.Build.0 = Debug|x64
		{653C34B1-A1CD-4F8E-891C-50EA692616AC}.Debug|x86.ActiveCfg = Debug|Win32
		{653C34B1-A1CD-4F8E-891C-50EA692616AC}.Debug|x86.Build.0 = Debug|Win32
		{653C34B1-A1CD-4F8E-891C-50EA692616AC}.Release|x64.ActiveCfg = Release|x64
		{653C34B1-A1CD-4F8E-891C-50EA692616AC}.Release|x64.Build.0 = Release|x64
		{653C34B1-A1CD-4F8E-891C-50EA692616AC}.Release|x86.ActiveCfg = Release|Win32
		{653C34B1-A1CD-4F8E-891C-50EA692616AC}.Release|x86.Build.0 = Release|Win32
		{CAB69AC8-B5B4-408C-8C35-21E5CA9CBDC2}.Debug|x64.ActiveCfg = Debug|x64
		{CAB69AC8-B5B4-408C-8C35-21E5CA9CBDC2}.Debug|x64.Build.0 = Debug|x64
		{CAB69AC8-B5B4-408C-8C35-21E5CA9CBDC2}.Debug|x86.ActiveCfg = Debug|Win32
		{CAB69AC8-B5B4-408C-8C35-21E5CA9CBDC2}.Debug|x86.Build.0 = Debug|Win32
		{CAB69AC8-B5B4-408C-8C35-21E5CA9CBDC2}.Release|x64.ActiveCfg = Release|x64
		{CAB69AC8-B5B4-408C-8C35-21E5CA9CBDC2}.Release|x64.Build.0 = Release|x64
		{CAB69AC8-B5B4-408C-8C35-21E5CA9CBDC2}.Release|x86.ActiveCfg = Release|Win32
		{CAB69AC8-B5B4-408C-8C35-21E5CA9CBDC2}.Release|x86.Build.0 = Release|Win32
		{31AB653F-BA3B-4A9D-ACE7-5B06114D121F}.Debug|x64.ActiveCfg = Debug|x64
		{31AB653F-BA3B-4A9D-ACE7-5B06114D121F}.Debug|x64.Build.0 = Debug|x64
		{31AB653F-BA3B-4A9D-ACE7-5B06114D121F}.Debug|x86.ActiveCfg = Debug|Win32
		{31AB653F-BA3B-4A9D-ACE7-5B06114D121F}.Debug|x86.Build.0 = Debug|Win32
		{31AB653F-BA3B-4A9D-ACE7-5B06114D121F}.Release|x64.ActiveCfg = Release|x64
		{31AB653F-BA3B-4A9D-ACE7-5B06114D121F}.Release|x64.Build.0 = Release|x64
		{31AB653F-BA3B-4A9D-ACE7-5B06114D121F}.Release|x86.ActiveCfg = Release|Win32
		{31AB653F-BA3B-4A9D-ACE7-5B06114D121F}.Release|x86.Build.0 = Release|Win32
		{A3458900-6625-4272-B1B8-78C02D498C52}.Debug|x64.ActiveCfg = Debug|x64
		{A3458900-6625-4272-B1B8-78C02D498C52}.Debug|x64.Build.0 = Debug|x64
		{A3458900-6625-4272-B1B8-78C02D498C52}.Debug|x86.ActiveCfg = Debug|Win32
		{A3458900-6625-4272-B1B8-78C02D498C52}.Debug|x86.Build.0 = Debug|Win32
		{A3458900-6625-4272-B1B8-78C02D498C52}.Release|x64.ActiveCfg = Release|x64
		{A3458900-6625-4272-B1B8-78C02D498C52}.Release|x64.Build.0 = Release|x64
		{A3458900-6625-4272-B1B8-78C02D498C52}.Release|x86.ActiveCfg = Release|Win32
		{A3458900-6625-4272-B1B8-78C02D498C52}.Release|x86.Build.0 = Release|Win32
		{7D5B506D-FA53-4EC8-B725-6551653D0977}.Debug|x64.ActiveCfg = Debug|x64
		{7D5B506D-FA53-4EC8-B725-6551653D0977}.Debug|x64.Build.0 = Debug|x64
		{7D5B506D-FA53-4EC8-B725-6551653D0977}.Debug|x86.ActiveCfg = Debug|Win32
		{7D5B506D-FA53-4EC8-B725-6551653D0977}.Debug|x86.Build.0 = Debug|Win32
		{7D5B506D-FA53-4EC8-B725-6551653D0977}.Release|x64.ActiveCfg = Release|x64
		{7D5B506D-FA53-4EC8-B725-6551653D0977}.Release|x64.Build.0 = Release|x64
		{7D5B506D-FA53-4EC8-B725-6551653D0977}.Release|x86.ActiveCfg = Release|Win32
		{7D5B506D-FA53-4EC8-B725-6551653D0977}.Release|x86.Build.0 = Release|Win32
	EndGlobalSection
	GlobalSection(SolutionProperties) = preSolution
		HideSolutionNode = FALSE
	EndGlobalSection
	GlobalSection(NestedProjects) = preSolution
		{1D5E05C9-8A0D-4DCF-BB15-3A7F0F29CAC5} = {6954DC72-90BD-4845-94A2-26A09EC65A09}
		{CC1CF12A-AEEE-4396-8E16-E637864C6FB0} = {6954DC72-90BD-4845-94A2-26A09EC65A09}
		{51374D81-8F31-45D9-A54C-6FEC42BFFFCD} = {6954DC72-90BD-4845-94A2-26A09EC65A09}
		{17A64EB9-EC68-4AE2-9FCF-B70FCC7AB377} = {6954DC72-90BD-4845-94A2-26A09EC65A09}
		{7345E9DF-CBE0-4375-9801-D78E4D392145} = {6954DC72-90BD-4845-94A2-26A09EC65A09}
		{B41B101F-95CA-4994-94BC-A5C2FA359DCF} = {6954DC72-90BD-4845-94A2-26A09EC65A09}
		{96B9FD21-7867-40D5-BE7F-5543D7208A75} = {4AE35624-3879-4070-8862-09249046999E}
		{CEB5708B-F1C3-4E06-8678-09749F77AA2B} = {6954DC72-90BD-4845-94A2-26A09EC65A09}
		{3A22D10A-C0E8-4C8E-9DA7-E80536C4CF31} = {6954DC72-90BD-4845-94A2-26A09EC65A09}
		{C51BDAF8-8778-41D0-A0C0-04A07FD1CDF2} = {6954DC72-90BD-4845-94A2-26A09EC65A09}
		{A6AE96EB-BD96-4C90-9AEB-227FC943626F} = {6954DC72-90BD-4845-94A2-26A09EC65A09}
		{04E534D4-0F5A-426E-BCAC-D2259F6AC6AA} = {6954DC72-90BD-4845-94A2-26A09EC65A09}
		{FDF51AE6-80C5-4B8F-8134-1E750353F032} = {6954DC72-90BD-4845-94A2-26A09EC65A09}
		{3D8E2F80-BEA5-4368-A383-FB8878D2CA6E} = {4AE35624-3879-4070-8862-09249046999E}
		{3AD60F36-CD58-4803-8DDD-2800F0216657} = {4AE35624-3879-4070-8862-09249046999E}
		{DC05D6EC-FB72-497B-8DE7-3124F578B6D2} = {4AE35624-3879-4070-8862-09249046999E}
		{5414F15E-BF07-4600-A185-87AF4F81B684} = {4AE35624-3879-4070-8862-09249046999E}
		{D9C52D86-BAA2-4B5E-9576-DB4FF8E5399B} = {4AE35624-3879-4070-8862-09249046999E}
		{0CEA76CE-1673-413C-B1A9-A31568ED9591} = {4AE35624-3879-4070-8862-09249046999E}
		{750FA538-6BC6-45FA-AFE4-1FEEEF84ACCF} = {BBBE19FF-338B-4FDD-AD6D-94D471A0EC5B}
		{56F45079-AEC5-43D8-8F47-D4889EEA7784} = {BBBE19FF-338B-4FDD-AD6D-94D471A0EC5B}
		{75A97349-A98C-41F3-AA49-A123BBEA7FFF} = {BBBE19FF-338B-4FDD-AD6D-94D471A0EC5B}
		{D901D167-B4F8-4AEF-8248-C43E0AAB8C26} = {BBBE19FF-338B-4FDD-AD6D-94D471A0EC5B}
		{C7934E4E-3C78-4F3F-A479-003CC7D05526} = {550264C2-A782-4E4E-B030-F17B1B3AD2CC}
		{B7C4B090-2FCB-4FC9-BF36-934D1623925A} = {B79B6351-0A47-4A78-8BE3-4E7649E08574}
		{C010D610-8E93-4798-A47D-F31168A85506} = {550264C2-A782-4E4E-B030-F17B1B3AD2CC}
		{DE52AA0C-D67D-4C99-9F19-2DE87B7A0942} = {37A2CA58-0C81-40B9-A726-736FD90E8A0B}
		{653C34B1-A1CD-4F8E-891C-50EA692616AC} = {37A2CA58-0C81-40B9-A726-736FD90E8A0B}
		{CAB69AC8-B5B4-408C-8C35-21E5CA9CBDC2} = {37A2CA58-0C81-40B9-A726-736FD90E8A0B}
		{31AB653F-BA3B-4A9D-ACE7-5B06114D121F} = {37A2CA58-0C81-40B9-A726-736FD90E8A0B}
		{A3458900-6625-4272-B1B8-78C02D498C52} = {1EE1AF93-78B2-4394-92A4-21D8E79817C7}
		{7D5B506D-FA53-4EC8-B725-6551653D0977} = {1EE1AF93-78B2-4394-92A4-21D8E79817C7}
	EndGlobalSection
	GlobalSection(ExtensibilityGlobals) = postSolution
		SolutionGuid = {0CC6B76C-5003-4B13-B06C-FAD836323C26}
	EndGlobalSection
EndGlobal
